// !$*UTF8*$!
{
	archiveVersion = 1;
	classes = {
	};
	objectVersion = 77;
	objects = {

/* Begin PBXContainerItemProxy section */
		CDC6222E2DCB692F003ECC84 /* PBXContainerItemProxy */ = {
			isa = PBXContainerItemProxy;
			containerPortal = CDC622182DCB692D003ECC84 /* Project object */;
			proxyType = 1;
			remoteGlobalIDString = CDC6221F2DCB692E003ECC84;
			remoteInfo = DeadSimpleTimer;
		};
		CDC622382DCB692F003ECC84 /* PBXContainerItemProxy */ = {
			isa = PBXContainerItemProxy;
			containerPortal = CDC622182DCB692D003ECC84 /* Project object */;
			proxyType = 1;
			remoteGlobalIDString = CDC6221F2DCB692E003ECC84;
			remoteInfo = DeadSimpleTimer;
		};
/* End PBXContainerItemProxy section */

/* Begin PBXFileReference section */
		CDC622202DCB692E003ECC84 /* DeadSimpleTimer.app */ = {isa = PBXFileReference; explicitFileType = wrapper.application; includeInIndex = 0; path = DeadSimpleTimer.app; sourceTree = BUILT_PRODUCTS_DIR; };
		CDC6222D2DCB692F003ECC84 /* DeadSimpleTimerTests.xctest */ = {isa = PBXFileReference; explicitFileType = wrapper.cfbundle; includeInIndex = 0; path = DeadSimpleTimerTests.xctest; sourceTree = BUILT_PRODUCTS_DIR; };
		CDC622372DCB692F003ECC84 /* DeadSimpleTimerUITests.xctest */ = {isa = PBXFileReference; explicitFileType = wrapper.cfbundle; includeInIndex = 0; path = DeadSimpleTimerUITests.xctest; sourceTree = BUILT_PRODUCTS_DIR; };
/* End PBXFileReference section */

/* Begin PBXFileSystemSynchronizedRootGroup section */
		CDC622222DCB692E003ECC84 /* DeadSimpleTimer */ = {
			isa = PBXFileSystemSynchronizedRootGroup;
			path = DeadSimpleTimer;
			sourceTree = "<group>";
		};
		CDC622302DCB692F003ECC84 /* DeadSimpleTimerTests */ = {
			isa = PBXFileSystemSynchronizedRootGroup;
			path = DeadSimpleTimerTests;
			sourceTree = "<group>";
		};
		CDC6223A2DCB692F003ECC84 /* DeadSimpleTimerUITests */ = {
			isa = PBXFileSystemSynchronizedRootGroup;
			path = DeadSimpleTimerUITests;
			sourceTree = "<group>";
		};
/* End PBXFileSystemSynchronizedRootGroup section */

/* Begin PBXFrameworksBuildPhase section */
		CDC6221D2DCB692E003ECC84 /* Frameworks */ = {
			isa = PBXFrameworksBuildPhase;
			buildActionMask = 2147483647;
			files = (
			);
			runOnlyForDeploymentPostprocessing = 0;
		};
		CDC6222A2DCB692F003ECC84 /* Frameworks */ = {
			isa = PBXFrameworksBuildPhase;
			buildActionMask = 2147483647;
			files = (
			);
			runOnlyForDeploymentPostprocessing = 0;
		};
		CDC622342DCB692F003ECC84 /* Frameworks */ = {
			isa = PBXFrameworksBuildPhase;
			buildActionMask = 2147483647;
			files = (
			);
			runOnlyForDeploymentPostprocessing = 0;
		};
/* End PBXFrameworksBuildPhase section */

/* Begin PBXGroup section */
		CDC622172DCB692D003ECC84 = {
			isa = PBXGroup;
			children = (
				CDC622222DCB692E003ECC84 /* DeadSimpleTimer */,
				CDC622302DCB692F003ECC84 /* DeadSimpleTimerTests */,
				CDC6223A2DCB692F003ECC84 /* DeadSimpleTimerUITests */,
				CDC622212DCB692E003ECC84 /* Products */,
			);
			sourceTree = "<group>";
		};
		CDC622212DCB692E003ECC84 /* Products */ = {
			isa = PBXGroup;
			children = (
				CDC622202DCB692E003ECC84 /* DeadSimpleTimer.app */,
				CDC6222D2DCB692F003ECC84 /* DeadSimpleTimerTests.xctest */,
				CDC622372DCB692F003ECC84 /* DeadSimpleTimerUITests.xctest */,
			);
			name = Products;
			sourceTree = "<group>";
		};
/* End PBXGroup section */

/* Begin PBXNativeTarget section */
		CDC6221F2DCB692E003ECC84 /* DeadSimpleTimer */ = {
			isa = PBXNativeTarget;
			buildConfigurationList = CDC622412DCB692F003ECC84 /* Build configuration list for PBXNativeTarget "DeadSimpleTimer" */;
			buildPhases = (
				CDC6221C2DCB692E003ECC84 /* Sources */,
				CDC6221D2DCB692E003ECC84 /* Frameworks */,
				CDC6221E2DCB692E003ECC84 /* Resources */,
			);
			buildRules = (
			);
			dependencies = (
			);
			fileSystemSynchronizedGroups = (
				CDC622222DCB692E003ECC84 /* DeadSimpleTimer */,
			);
			name = DeadSimpleTimer;
			packageProductDependencies = (
			);
			productName = DeadSimpleTimer;
			productReference = CDC622202DCB692E003ECC84 /* DeadSimpleTimer.app */;
			productType = "com.apple.product-type.application";
		};
		CDC6222C2DCB692F003ECC84 /* DeadSimpleTimerTests */ = {
			isa = PBXNativeTarget;
			buildConfigurationList = CDC622442DCB692F003ECC84 /* Build configuration list for PBXNativeTarget "DeadSimpleTimerTests" */;
			buildPhases = (
				CDC622292DCB692F003ECC84 /* Sources */,
				CDC6222A2DCB692F003ECC84 /* Frameworks */,
				CDC6222B2DCB692F003ECC84 /* Resources */,
			);
			buildRules = (
			);
			dependencies = (
				CDC6222F2DCB692F003ECC84 /* PBXTargetDependency */,
			);
			fileSystemSynchronizedGroups = (
				CDC622302DCB692F003ECC84 /* DeadSimpleTimerTests */,
			);
			name = DeadSimpleTimerTests;
			packageProductDependencies = (
			);
			productName = DeadSimpleTimerTests;
			productReference = CDC6222D2DCB692F003ECC84 /* DeadSimpleTimerTests.xctest */;
			productType = "com.apple.product-type.bundle.unit-test";
		};
		CDC622362DCB692F003ECC84 /* DeadSimpleTimerUITests */ = {
			isa = PBXNativeTarget;
			buildConfigurationList = CDC622472DCB692F003ECC84 /* Build configuration list for PBXNativeTarget "DeadSimpleTimerUITests" */;
			buildPhases = (
				CDC622332DCB692F003ECC84 /* Sources */,
				CDC622342DCB692F003ECC84 /* Frameworks */,
				CDC622352DCB692F003ECC84 /* Resources */,
			);
			buildRules = (
			);
			dependencies = (
				CDC622392DCB692F003ECC84 /* PBXTargetDependency */,
			);
			fileSystemSynchronizedGroups = (
				CDC6223A2DCB692F003ECC84 /* DeadSimpleTimerUITests */,
			);
			name = DeadSimpleTimerUITests;
			packageProductDependencies = (
			);
			productName = DeadSimpleTimerUITests;
			productReference = CDC622372DCB692F003ECC84 /* DeadSimpleTimerUITests.xctest */;
			productType = "com.apple.product-type.bundle.ui-testing";
		};
/* End PBXNativeTarget section */

/* Begin PBXProject section */
		CDC622182DCB692D003ECC84 /* Project object */ = {
			isa = PBXProject;
			attributes = {
				BuildIndependentTargetsInParallel = 1;
				LastSwiftUpdateCheck = 1630;
				LastUpgradeCheck = 1630;
				TargetAttributes = {
					CDC6221F2DCB692E003ECC84 = {
						CreatedOnToolsVersion = 16.3;
					};
					CDC6222C2DCB692F003ECC84 = {
						CreatedOnToolsVersion = 16.3;
						TestTargetID = CDC6221F2DCB692E003ECC84;
					};
					CDC622362DCB692F003ECC84 = {
						CreatedOnToolsVersion = 16.3;
						TestTargetID = CDC6221F2DCB692E003ECC84;
					};
				};
			};
			buildConfigurationList = CDC6221B2DCB692D003ECC84 /* Build configuration list for PBXProject "DeadSimpleTimer" */;
			developmentRegion = en;
			hasScannedForEncodings = 0;
			knownRegions = (
				en,
				Base,
			);
			mainGroup = CDC622172DCB692D003ECC84;
			minimizedProjectReferenceProxies = 1;
			preferredProjectObjectVersion = 77;
			productRefGroup = CDC622212DCB692E003ECC84 /* Products */;
			projectDirPath = "";
			projectRoot = "";
			targets = (
				CDC6221F2DCB692E003ECC84 /* DeadSimpleTimer */,
				CDC6222C2DCB692F003ECC84 /* DeadSimpleTimerTests */,
				CDC622362DCB692F003ECC84 /* DeadSimpleTimerUITests */,
			);
		};
/* End PBXProject section */

/* Begin PBXResourcesBuildPhase section */
		CDC6221E2DCB692E003ECC84 /* Resources */ = {
			isa = PBXResourcesBuildPhase;
			buildActionMask = 2147483647;
			files = (
			);
			runOnlyForDeploymentPostprocessing = 0;
		};
		CDC6222B2DCB692F003ECC84 /* Resources */ = {
			isa = PBXResourcesBuildPhase;
			buildActionMask = 2147483647;
			files = (
			);
			runOnlyForDeploymentPostprocessing = 0;
		};
		CDC622352DCB692F003ECC84 /* Resources */ = {
			isa = PBXResourcesBuildPhase;
			buildActionMask = 2147483647;
			files = (
			);
			runOnlyForDeploymentPostprocessing = 0;
		};
/* End PBXResourcesBuildPhase section */

/* Begin PBXSourcesBuildPhase section */
		CDC6221C2DCB692E003ECC84 /* Sources */ = {
			isa = PBXSourcesBuildPhase;
			buildActionMask = 2147483647;
			files = (
			);
			runOnlyForDeploymentPostprocessing = 0;
		};
		CDC622292DCB692F003ECC84 /* Sources */ = {
			isa = PBXSourcesBuildPhase;
			buildActionMask = 2147483647;
			files = (
			);
			runOnlyForDeploymentPostprocessing = 0;
		};
		CDC622332DCB692F003ECC84 /* Sources */ = {
			isa = PBXSourcesBuildPhase;
			buildActionMask = 2147483647;
			files = (
			);
			runOnlyForDeploymentPostprocessing = 0;
		};
/* End PBXSourcesBuildPhase section */

/* Begin PBXTargetDependency section */
		CDC6222F2DCB692F003ECC84 /* PBXTargetDependency */ = {
			isa = PBXTargetDependency;
			target = CDC6221F2DCB692E003ECC84 /* DeadSimpleTimer */;
			targetProxy = CDC6222E2DCB692F003ECC84 /* PBXContainerItemProxy */;
		};
		CDC622392DCB692F003ECC84 /* PBXTargetDependency */ = {
			isa = PBXTargetDependency;
			target = CDC6221F2DCB692E003ECC84 /* DeadSimpleTimer */;
			targetProxy = CDC622382DCB692F003ECC84 /* PBXContainerItemProxy */;
		};
/* End PBXTargetDependency section */

/* Begin XCBuildConfiguration section */
		CDC6223F2DCB692F003ECC84 /* Debug */ = {
			isa = XCBuildConfiguration;
			buildSettings = {
				ALWAYS_SEARCH_USER_PATHS = NO;
				ASSETCATALOG_COMPILER_GENERATE_SWIFT_ASSET_SYMBOL_EXTENSIONS = YES;
				CLANG_ANALYZER_NONNULL = YES;
				CLANG_ANALYZER_NUMBER_OBJECT_CONVERSION = YES_AGGRESSIVE;
				CLANG_CXX_LANGUAGE_STANDARD = "gnu++20";
				CLANG_ENABLE_MODULES = YES;
				CLANG_ENABLE_OBJC_ARC = YES;
				CLANG_ENABLE_OBJC_WEAK = YES;
				CLANG_WARN_BLOCK_CAPTURE_AUTORELEASING = YES;
				CLANG_WARN_BOOL_CONVERSION = YES;
				CLANG_WARN_COMMA = YES;
				CLANG_WARN_CONSTANT_CONVERSION = YES;
				CLANG_WARN_DEPRECATED_OBJC_IMPLEMENTATIONS = YES;
				CLANG_WARN_DIRECT_OBJC_ISA_USAGE = YES_ERROR;
				CLANG_WARN_DOCUMENTATION_COMMENTS = YES;
				CLANG_WARN_EMPTY_BODY = YES;
				CLANG_WARN_ENUM_CONVERSION = YES;
				CLANG_WARN_INFINITE_RECURSION = YES;
				CLANG_WARN_INT_CONVERSION = YES;
				CLANG_WARN_NON_LITERAL_NULL_CONVERSION = YES;
				CLANG_WARN_OBJC_IMPLICIT_RETAIN_SELF = YES;
				CLANG_WARN_OBJC_LITERAL_CONVERSION = YES;
				CLANG_WARN_OBJC_ROOT_CLASS = YES_ERROR;
				CLANG_WARN_QUOTED_INCLUDE_IN_FRAMEWORK_HEADER = YES;
				CLANG_WARN_RANGE_LOOP_ANALYSIS = YES;
				CLANG_WARN_STRICT_PROTOTYPES = YES;
				CLANG_WARN_SUSPICIOUS_MOVE = YES;
				CLANG_WARN_UNGUARDED_AVAILABILITY = YES_AGGRESSIVE;
				CLANG_WARN_UNREACHABLE_CODE = YES;
				CLANG_WARN__DUPLICATE_METHOD_MATCH = YES;
				COPY_PHASE_STRIP = NO;
				DEBUG_INFORMATION_FORMAT = dwarf;
				ENABLE_STRICT_OBJC_MSGSEND = YES;
				ENABLE_TESTABILITY = YES;
				ENABLE_USER_SCRIPT_SANDBOXING = YES;
				GCC_C_LANGUAGE_STANDARD = gnu17;
				GCC_DYNAMIC_NO_PIC = NO;
				GCC_NO_COMMON_BLOCKS = YES;
				GCC_OPTIMIZATION_LEVEL = 0;
				GCC_PREPROCESSOR_DEFINITIONS = (
					"DEBUG=1",
					"$(inherited)",
				);
				GCC_WARN_64_TO_32_BIT_CONVERSION = YES;
				GCC_WARN_ABOUT_RETURN_TYPE = YES_ERROR;
				GCC_WARN_UNDECLARED_SELECTOR = YES;
				GCC_WARN_UNINITIALIZED_AUTOS = YES_AGGRESSIVE;
				GCC_WARN_UNUSED_FUNCTION = YES;
				GCC_WARN_UNUSED_VARIABLE = YES;
				IPHONEOS_DEPLOYMENT_TARGET = 18.4;
				LOCALIZATION_PREFERS_STRING_CATALOGS = YES;
				MTL_ENABLE_DEBUG_INFO = INCLUDE_SOURCE;
				MTL_FAST_MATH = YES;
				ONLY_ACTIVE_ARCH = YES;
				SDKROOT = iphoneos;
				SWIFT_ACTIVE_COMPILATION_CONDITIONS = "DEBUG $(inherited)";
				SWIFT_OPTIMIZATION_LEVEL = "-Onone";
			};
			name = Debug;
		};
		CDC622402DCB692F003ECC84 /* Release */ = {
			isa = XCBuildConfiguration;
			buildSettings = {
				ALWAYS_SEARCH_USER_PATHS = NO;
				ASSETCATALOG_COMPILER_GENERATE_SWIFT_ASSET_SYMBOL_EXTENSIONS = YES;
				CLANG_ANALYZER_NONNULL = YES;
				CLANG_ANALYZER_NUMBER_OBJECT_CONVERSION = YES_AGGRESSIVE;
				CLANG_CXX_LANGUAGE_STANDARD = "gnu++20";
				CLANG_ENABLE_MODULES = YES;
				CLANG_ENABLE_OBJC_ARC = YES;
				CLANG_ENABLE_OBJC_WEAK = YES;
				CLANG_WARN_BLOCK_CAPTURE_AUTORELEASING = YES;
				CLANG_WARN_BOOL_CONVERSION = YES;
				CLANG_WARN_COMMA = YES;
				CLANG_WARN_CONSTANT_CONVERSION = YES;
				CLANG_WARN_DEPRECATED_OBJC_IMPLEMENTATIONS = YES;
				CLANG_WARN_DIRECT_OBJC_ISA_USAGE = YES_ERROR;
				CLANG_WARN_DOCUMENTATION_COMMENTS = YES;
				CLANG_WARN_EMPTY_BODY = YES;
				CLANG_WARN_ENUM_CONVERSION = YES;
				CLANG_WARN_INFINITE_RECURSION = YES;
				CLANG_WARN_INT_CONVERSION = YES;
				CLANG_WARN_NON_LITERAL_NULL_CONVERSION = YES;
				CLANG_WARN_OBJC_IMPLICIT_RETAIN_SELF = YES;
				CLANG_WARN_OBJC_LITERAL_CONVERSION = YES;
				CLANG_WARN_OBJC_ROOT_CLASS = YES_ERROR;
				CLANG_WARN_QUOTED_INCLUDE_IN_FRAMEWORK_HEADER = YES;
				CLANG_WARN_RANGE_LOOP_ANALYSIS = YES;
				CLANG_WARN_STRICT_PROTOTYPES = YES;
				CLANG_WARN_SUSPICIOUS_MOVE = YES;
				CLANG_WARN_UNGUARDED_AVAILABILITY = YES_AGGRESSIVE;
				CLANG_WARN_UNREACHABLE_CODE = YES;
				CLANG_WARN__DUPLICATE_METHOD_MATCH = YES;
				COPY_PHASE_STRIP = NO;
				DEBUG_INFORMATION_FORMAT = "dwarf-with-dsym";
				ENABLE_NS_ASSERTIONS = NO;
				ENABLE_STRICT_OBJC_MSGSEND = YES;
				ENABLE_USER_SCRIPT_SANDBOXING = YES;
				GCC_C_LANGUAGE_STANDARD = gnu17;
				GCC_NO_COMMON_BLOCKS = YES;
				GCC_WARN_64_TO_32_BIT_CONVERSION = YES;
				GCC_WARN_ABOUT_RETURN_TYPE = YES_ERROR;
				GCC_WARN_UNDECLARED_SELECTOR = YES;
				GCC_WARN_UNINITIALIZED_AUTOS = YES_AGGRESSIVE;
				GCC_WARN_UNUSED_FUNCTION = YES;
				GCC_WARN_UNUSED_VARIABLE = YES;
				IPHONEOS_DEPLOYMENT_TARGET = 18.4;
				LOCALIZATION_PREFERS_STRING_CATALOGS = YES;
				MTL_ENABLE_DEBUG_INFO = NO;
				MTL_FAST_MATH = YES;
				SDKROOT = iphoneos;
				SWIFT_COMPILATION_MODE = wholemodule;
				VALIDATE_PRODUCT = YES;
			};
			name = Release;
		};
		CDC622422DCB692F003ECC84 /* Debug */ = {
			isa = XCBuildConfiguration;
			buildSettings = {
				ASSETCATALOG_COMPILER_APPICON_NAME = AppIcon;
				ASSETCATALOG_COMPILER_GLOBAL_ACCENT_COLOR_NAME = AccentColor;
				CODE_SIGN_STYLE = Automatic;
				CURRENT_PROJECT_VERSION = 1;
				ENABLE_PREVIEWS = YES;
				GENERATE_INFOPLIST_FILE = YES;
				INFOPLIST_KEY_UIApplicationSceneManifest_Generation = YES;
				INFOPLIST_KEY_UIApplicationSupportsIndirectInputEvents = YES;
				INFOPLIST_KEY_UILaunchScreen_Generation = YES;
				INFOPLIST_KEY_UISupportedInterfaceOrientations_iPad = "UIInterfaceOrientationPortrait UIInterfaceOrientationPortraitUpsideDown UIInterfaceOrientationLandscapeLeft UIInterfaceOrientationLandscapeRight";
				INFOPLIST_KEY_UISupportedInterfaceOrientations_iPhone = "UIInterfaceOrientationPortrait UIInterfaceOrientationLandscapeLeft UIInterfaceOrientationLandscapeRight";
				LD_RUNPATH_SEARCH_PATHS = (
					"$(inherited)",
					"@executable_path/Frameworks",
				);
				MARKETING_VERSION = 1.0;
				PRODUCT_BUNDLE_IDENTIFIER = "personal-testing.DeadSimpleTimer";
				PRODUCT_NAME = "$(TARGET_NAME)";
				SWIFT_EMIT_LOC_STRINGS = YES;
				SWIFT_VERSION = 5.0;
				TARGETED_DEVICE_FAMILY = "1,2";
			};
			name = Debug;
		};
		CDC622432DCB692F003ECC84 /* Release */ = {
			isa = XCBuildConfiguration;
			buildSettings = {
				ASSETCATALOG_COMPILER_APPICON_NAME = AppIcon;
				ASSETCATALOG_COMPILER_GLOBAL_ACCENT_COLOR_NAME = AccentColor;
				CODE_SIGN_STYLE = Automatic;
				CURRENT_PROJECT_VERSION = 1;
				ENABLE_PREVIEWS = YES;
				GENERATE_INFOPLIST_FILE = YES;
				INFOPLIST_KEY_UIApplicationSceneManifest_Generation = YES;
				INFOPLIST_KEY_UIApplicationSupportsIndirectInputEvents = YES;
				INFOPLIST_KEY_UILaunchScreen_Generation = YES;
				INFOPLIST_KEY_UISupportedInterfaceOrientations_iPad = "UIInterfaceOrientationPortrait UIInterfaceOrientationPortraitUpsideDown UIInterfaceOrientationLandscapeLeft UIInterfaceOrientationLandscapeRight";
				INFOPLIST_KEY_UISupportedInterfaceOrientations_iPhone = "UIInterfaceOrientationPortrait UIInterfaceOrientationLandscapeLeft UIInterfaceOrientationLandscapeRight";
				LD_RUNPATH_SEARCH_PATHS = (
					"$(inherited)",
					"@executable_path/Frameworks",
				);
				MARKETING_VERSION = 1.0;
				PRODUCT_BUNDLE_IDENTIFIER = "personal-testing.DeadSimpleTimer";
				PRODUCT_NAME = "$(TARGET_NAME)";
				SWIFT_EMIT_LOC_STRINGS = YES;
				SWIFT_VERSION = 5.0;
				TARGETED_DEVICE_FAMILY = "1,2";
			};
			name = Release;
		};
		CDC622452DCB692F003ECC84 /* Debug */ = {
			isa = XCBuildConfiguration;
			buildSettings = {
				BUNDLE_LOADER = "$(TEST_HOST)";
				CODE_SIGN_STYLE = Automatic;
				CURRENT_PROJECT_VERSION = 1;
				GENERATE_INFOPLIST_FILE = YES;
				IPHONEOS_DEPLOYMENT_TARGET = 18.4;
				MARKETING_VERSION = 1.0;
				PRODUCT_BUNDLE_IDENTIFIER = "personal-testing.DeadSimpleTimerTests";
				PRODUCT_NAME = "$(TARGET_NAME)";
				SWIFT_EMIT_LOC_STRINGS = NO;
				SWIFT_VERSION = 5.0;
				TARGETED_DEVICE_FAMILY = "1,2";
				TEST_HOST = "$(BUILT_PRODUCTS_DIR)/DeadSimpleTimer.app/$(BUNDLE_EXECUTABLE_FOLDER_PATH)/DeadSimpleTimer";
			};
			name = Debug;
		};
		CDC622462DCB692F003ECC84 /* Release */ = {
			isa = XCBuildConfiguration;
			buildSettings = {
				BUNDLE_LOADER = "$(TEST_HOST)";
				CODE_SIGN_STYLE = Automatic;
				CURRENT_PROJECT_VERSION = 1;
				GENERATE_INFOPLIST_FILE = YES;
				IPHONEOS_DEPLOYMENT_TARGET = 18.4;
				MARKETING_VERSION = 1.0;
				PRODUCT_BUNDLE_IDENTIFIER = "personal-testing.DeadSimpleTimerTests";
				PRODUCT_NAME = "$(TARGET_NAME)";
				SWIFT_EMIT_LOC_STRINGS = NO;
				SWIFT_VERSION = 5.0;
				TARGETED_DEVICE_FAMILY = "1,2";
				TEST_HOST = "$(BUILT_PRODUCTS_DIR)/DeadSimpleTimer.app/$(BUNDLE_EXECUTABLE_FOLDER_PATH)/DeadSimpleTimer";
			};
			name = Release;
		};
		CDC622482DCB692F003ECC84 /* Debug */ = {
			isa = XCBuildConfiguration;
			buildSettings = {
				CODE_SIGN_STYLE = Automatic;
				CURRENT_PROJECT_VERSION = 1;
				GENERATE_INFOPLIST_FILE = YES;
				MARKETING_VERSION = 1.0;
				PRODUCT_BUNDLE_IDENTIFIER = "personal-testing.DeadSimpleTimerUITests";
				PRODUCT_NAME = "$(TARGET_NAME)";
				SWIFT_EMIT_LOC_STRINGS = NO;
				SWIFT_VERSION = 5.0;
				TARGETED_DEVICE_FAMILY = "1,2";
				TEST_TARGET_NAME = DeadSimpleTimer;
			};
			name = Debug;
		};
		CDC622492DCB692F003ECC84 /* Release */ = {
			isa = XCBuildConfiguration;
			buildSettings = {
				CODE_SIGN_STYLE = Automatic;
				CURRENT_PROJECT_VERSION = 1;
				GENERATE_INFOPLIST_FILE = YES;
				MARKETING_VERSION = 1.0;
				PRODUCT_BUNDLE_IDENTIFIER = "personal-testing.DeadSimpleTimerUITests";
				PRODUCT_NAME = "$(TARGET_NAME)";
				SWIFT_EMIT_LOC_STRINGS = NO;
				SWIFT_VERSION = 5.0;
				TARGETED_DEVICE_FAMILY = "1,2";
				TEST_TARGET_NAME = DeadSimpleTimer;
			};
			name = Release;
		};
/* End XCBuildConfiguration section */

/* Begin XCConfigurationList section */
		CDC6221B2DCB692D003ECC84 /* Build configuration list for PBXProject "DeadSimpleTimer" */ = {
			isa = XCConfigurationList;
			buildConfigurations = (
				CDC6223F2DCB692F003ECC84 /* Debug */,
				CDC622402DCB692F003ECC84 /* Release */,
			);
			defaultConfigurationIsVisible = 0;
			defaultConfigurationName = Release;
		};
		CDC622412DCB692F003ECC84 /* Build configuration list for PBXNativeTarget "DeadSimpleTimer" */ = {
			isa = XCConfigurationList;
			buildConfigurations = (
				CDC622422DCB692F003ECC84 /* Debug */,
				CDC622432DCB692F003ECC84 /* Release */,
			);
			defaultConfigurationIsVisible = 0;
			defaultConfigurationName = Release;
		};
		CDC622442DCB692F003ECC84 /* Build configuration list for PBXNativeTarget "DeadSimpleTimerTests" */ = {
			isa = XCConfigurationList;
			buildConfigurations = (
				CDC622452DCB692F003ECC84 /* Debug */,
				CDC622462DCB692F003ECC84 /* Release */,
			);
			defaultConfigurationIsVisible = 0;
			defaultConfigurationName = Release;
		};
		CDC622472DCB692F003ECC84 /* Build configuration list for PBXNativeTarget "DeadSimpleTimerUITests" */ = {
			isa = XCConfigurationList;
			buildConfigurations = (
				CDC622482DCB692F003ECC84 /* Debug */,
				CDC622492DCB692F003ECC84 /* Release */,
			);
			defaultConfigurationIsVisible = 0;
			defaultConfigurationName = Release;
		};
/* End XCConfigurationList section */
	};
	rootObject = CDC622182DCB692D003ECC84 /* Project object */;
}
